
Microsoft Visual Studio Solution File, Format Version 12.00
# Visual Studio Version 17
VisualStudioVersion = 17.0.31903.59
MinimumVisualStudioVersion = 10.0.40219.1
Project("{9A19103F-16F7-4668-BE54-9A1E7A4F7556}") = "SimpleAppUsingAzureAd", "SimpleAppUsingAzureAd\SimpleAppUsingAzureAd.csproj", "{E3A37CA4-5A58-46A4-85DD-645ACFD006AD}"
EndProject
Project("{2150E333-8FDC-42A3-9474-1A3956D46DE8}") = "DevOps", "DevOps", "{E16CEF88-D363-4F33-A776-7A8492FAFDF3}"
	ProjectSection(SolutionItems) = preProject
		..\.github\workflows\idgvsvd1web.yml = ..\.github\workflows\idgvsvd1web.yml
	EndProjectSection
EndProject
Project("{FAE04EC0-301F-11D3-BF4B-00C04F79EFBC}") = "CrashEarlyCrashOften", "CrashEarlyCrashOften\CrashEarlyCrashOften.csproj", "{6D926BC5-070B-43F0-8D1F-6566BDE3C047}"
EndProject
Global
	GlobalSection(SolutionConfigurationPlatforms) = preSolution
		Debug|Any CPU = Debug|Any CPU
		Release|Any CPU = Release|Any CPU
	EndGlobalSection
	GlobalSection(ProjectConfigurationPlatforms) = postSolution
		{E3A37CA4-5A58-46A4-85DD-645ACFD006AD}.Debug|Any CPU.ActiveCfg = Debug|Any CPU
		{E3A37CA4-5A58-46A4-85DD-645ACFD006AD}.Debug|Any CPU.Build.0 = Debug|Any CPU
		{E3A37CA4-5A58-46A4-85DD-645ACFD006AD}.Release|Any CPU.ActiveCfg = Release|Any CPU
		{E3A37CA4-5A58-46A4-85DD-645ACFD006AD}.Release|Any CPU.Build.0 = Release|Any CPU
		{6D926BC5-070B-43F0-8D1F-6566BDE3C047}.Debug|Any CPU.ActiveCfg = Debug|Any CPU
		{6D926BC5-070B-43F0-8D1F-6566BDE3C047}.Debug|Any CPU.Build.0 = Debug|Any CPU
		{6D926BC5-070B-43F0-8D1F-6566BDE3C047}.Release|Any CPU.ActiveCfg = Release|Any CPU
		{6D926BC5-070B-43F0-8D1F-6566BDE3C047}.Release|Any CPU.Build.0 = Release|Any CPU
	EndGlobalSection
	GlobalSection(SolutionProperties) = preSolution
		HideSolutionNode = FALSE
	EndGlobalSection
	GlobalSection(ExtensibilityGlobals) = postSolution
		SolutionGuid = {DC8083D5-FF4A-48A0-AFA5-088217EAC47D}
	EndGlobalSection
EndGlobal
