
Microsoft Visual Studio Solution File, Format Version 12.00
# Visual Studio Version 17
VisualStudioVersion = 17.5.33424.131
MinimumVisualStudioVersion = 10.0.40219.1
Project("{2150E333-8FDC-42A3-9474-1A3956D46DE8}") = "Strings", "Strings", "{4A67807A-B6AD-49CD-897C-44E7CBEFD4EA}"
EndProject
Project("{9A19103F-16F7-4668-BE54-9A1E7A4F7556}") = "InterpolationNewline", "InterpolationNewline\InterpolationNewline.csproj", "{3BF446DA-25C5-4419-940F-CBBE461F663E}"
EndProject
Project("{2150E333-8FDC-42A3-9474-1A3956D46DE8}") = "Patterns", "Patterns", "{512AEE9B-6650-4E55-9B6A-F725041A1528}"
EndProject
Project("{9A19103F-16F7-4668-BE54-9A1E7A4F7556}") = "SpanAsPatternInput", "SpanAsPatternInput\SpanAsPatternInput.csproj", "{FC72DE16-0773-468E-A8EC-E12C7B53103D}"
EndProject
Project("{9A19103F-16F7-4668-BE54-9A1E7A4F7556}") = "Utf8StringLiterals", "Utf8StringLiterals\Utf8StringLiterals.csproj", "{2B382551-75A6-4F37-9EB4-569F772A0350}"
EndProject
Project("{2150E333-8FDC-42A3-9474-1A3956D46DE8}") = "InterfaceStaticVirtual", "InterfaceStaticVirtual", "{0C728A62-83D6-4349-8776-3E34730DC2D3}"
EndProject
Project("{9A19103F-16F7-4668-BE54-9A1E7A4F7556}") = "GenericMaths", "GenericMaths\GenericMaths.csproj", "{486FC113-66F9-4F63-8AD7-D05A490EF8C0}"
EndProject
Project("{2150E333-8FDC-42A3-9474-1A3956D46DE8}") = "Intialization", "Intialization", "{7830D7F0-17A7-4542-948F-7F7779F0DE3A}"
EndProject
Project("{9A19103F-16F7-4668-BE54-9A1E7A4F7556}") = "PocHierarchyAndRequired", "PocHierarchyAndRequired\PocHierarchyAndRequired.csproj", "{524724D4-36A7-4FEE-9115-18931D2D6CD0}"
EndProject
Project("{9A19103F-16F7-4668-BE54-9A1E7A4F7556}") = "PocHierarchyWithoutRequiredOrCtors", "PocHierarchyWithoutRequiredOrCtors\PocHierarchyWithoutRequiredOrCtors.csproj", "{A725CE9F-134F-4DB1-BD48-6139F76F051E}"
EndProject
Project("{9A19103F-16F7-4668-BE54-9A1E7A4F7556}") = "PocHierarchyWithoutRequiredUsingCtors", "PocHierarchyWithoutRequiredUsingCtors\PocHierarchyWithoutRequiredUsingCtors.csproj", "{C872F822-78DD-402B-8463-F46100B842E5}"
EndProject
Project("{2150E333-8FDC-42A3-9474-1A3956D46DE8}") = "Dotnet8", "Dotnet8", "{413082FA-9DC4-4F8D-BA81-637508C9A2AE}"
EndProject
Project("{9A19103F-16F7-4668-BE54-9A1E7A4F7556}") = "FrozenCollections", "FrozenCollections\FrozenCollections.csproj", "{8DB758D4-4420-47C3-B22C-9B13217A3E2E}"
EndProject
Project("{FAE04EC0-301F-11D3-BF4B-00C04F79EFBC}") = "GenericMathsAfter", "GenericMathsAfter\GenericMathsAfter.csproj", "{13E2E1CA-CB8F-4544-BAA6-8B0BFD1A1D93}"
EndProject
Global
	GlobalSection(SolutionConfigurationPlatforms) = preSolution
		Debug|Any CPU = Debug|Any CPU
		Release|Any CPU = Release|Any CPU
	EndGlobalSection
	GlobalSection(ProjectConfigurationPlatforms) = postSolution
		{3BF446DA-25C5-4419-940F-CBBE461F663E}.Debug|Any CPU.ActiveCfg = Debug|Any CPU
		{3BF446DA-25C5-4419-940F-CBBE461F663E}.Debug|Any CPU.Build.0 = Debug|Any CPU
		{3BF446DA-25C5-4419-940F-CBBE461F663E}.Release|Any CPU.ActiveCfg = Release|Any CPU
		{3BF446DA-25C5-4419-940F-CBBE461F663E}.Release|Any CPU.Build.0 = Release|Any CPU
		{FC72DE16-0773-468E-A8EC-E12C7B53103D}.Debug|Any CPU.ActiveCfg = Release|Any CPU
		{FC72DE16-0773-468E-A8EC-E12C7B53103D}.Debug|Any CPU.Build.0 = Release|Any CPU
		{FC72DE16-0773-468E-A8EC-E12C7B53103D}.Release|Any CPU.ActiveCfg = Release|Any CPU
		{FC72DE16-0773-468E-A8EC-E12C7B53103D}.Release|Any CPU.Build.0 = Release|Any CPU
		{2B382551-75A6-4F37-9EB4-569F772A0350}.Debug|Any CPU.ActiveCfg = Release|Any CPU
		{2B382551-75A6-4F37-9EB4-569F772A0350}.Debug|Any CPU.Build.0 = Release|Any CPU
		{2B382551-75A6-4F37-9EB4-569F772A0350}.Release|Any CPU.ActiveCfg = Release|Any CPU
		{2B382551-75A6-4F37-9EB4-569F772A0350}.Release|Any CPU.Build.0 = Release|Any CPU
		{486FC113-66F9-4F63-8AD7-D05A490EF8C0}.Debug|Any CPU.ActiveCfg = Debug|Any CPU
		{486FC113-66F9-4F63-8AD7-D05A490EF8C0}.Debug|Any CPU.Build.0 = Debug|Any CPU
		{486FC113-66F9-4F63-8AD7-D05A490EF8C0}.Release|Any CPU.ActiveCfg = Release|Any CPU
		{486FC113-66F9-4F63-8AD7-D05A490EF8C0}.Release|Any CPU.Build.0 = Release|Any CPU
		{524724D4-36A7-4FEE-9115-18931D2D6CD0}.Debug|Any CPU.ActiveCfg = Debug|Any CPU
		{524724D4-36A7-4FEE-9115-18931D2D6CD0}.Debug|Any CPU.Build.0 = Debug|Any CPU
		{524724D4-36A7-4FEE-9115-18931D2D6CD0}.Release|Any CPU.ActiveCfg = Release|Any CPU
		{524724D4-36A7-4FEE-9115-18931D2D6CD0}.Release|Any CPU.Build.0 = Release|Any CPU
		{A725CE9F-134F-4DB1-BD48-6139F76F051E}.Debug|Any CPU.ActiveCfg = Debug|Any CPU
		{A725CE9F-134F-4DB1-BD48-6139F76F051E}.Debug|Any CPU.Build.0 = Debug|Any CPU
		{A725CE9F-134F-4DB1-BD48-6139F76F051E}.Release|Any CPU.ActiveCfg = Release|Any CPU
		{A725CE9F-134F-4DB1-BD48-6139F76F051E}.Release|Any CPU.Build.0 = Release|Any CPU
		{C872F822-78DD-402B-8463-F46100B842E5}.Debug|Any CPU.ActiveCfg = Debug|Any CPU
		{C872F822-78DD-402B-8463-F46100B842E5}.Debug|Any CPU.Build.0 = Debug|Any CPU
		{C872F822-78DD-402B-8463-F46100B842E5}.Release|Any CPU.ActiveCfg = Release|Any CPU
		{C872F822-78DD-402B-8463-F46100B842E5}.Release|Any CPU.Build.0 = Release|Any CPU
		{8DB758D4-4420-47C3-B22C-9B13217A3E2E}.Debug|Any CPU.ActiveCfg = Debug|Any CPU
		{8DB758D4-4420-47C3-B22C-9B13217A3E2E}.Debug|Any CPU.Build.0 = Debug|Any CPU
		{8DB758D4-4420-47C3-B22C-9B13217A3E2E}.Release|Any CPU.ActiveCfg = Release|Any CPU
		{8DB758D4-4420-47C3-B22C-9B13217A3E2E}.Release|Any CPU.Build.0 = Release|Any CPU
		{13E2E1CA-CB8F-4544-BAA6-8B0BFD1A1D93}.Debug|Any CPU.ActiveCfg = Debug|Any CPU
		{13E2E1CA-CB8F-4544-BAA6-8B0BFD1A1D93}.Debug|Any CPU.Build.0 = Debug|Any CPU
		{13E2E1CA-CB8F-4544-BAA6-8B0BFD1A1D93}.Release|Any CPU.ActiveCfg = Release|Any CPU
		{13E2E1CA-CB8F-4544-BAA6-8B0BFD1A1D93}.Release|Any CPU.Build.0 = Release|Any CPU
	EndGlobalSection
	GlobalSection(SolutionProperties) = preSolution
		HideSolutionNode = FALSE
	EndGlobalSection
	GlobalSection(NestedProjects) = preSolution
		{3BF446DA-25C5-4419-940F-CBBE461F663E} = {4A67807A-B6AD-49CD-897C-44E7CBEFD4EA}
		{FC72DE16-0773-468E-A8EC-E12C7B53103D} = {512AEE9B-6650-4E55-9B6A-F725041A1528}
		{2B382551-75A6-4F37-9EB4-569F772A0350} = {4A67807A-B6AD-49CD-897C-44E7CBEFD4EA}
		{486FC113-66F9-4F63-8AD7-D05A490EF8C0} = {0C728A62-83D6-4349-8776-3E34730DC2D3}
		{524724D4-36A7-4FEE-9115-18931D2D6CD0} = {7830D7F0-17A7-4542-948F-7F7779F0DE3A}
		{A725CE9F-134F-4DB1-BD48-6139F76F051E} = {7830D7F0-17A7-4542-948F-7F7779F0DE3A}
		{C872F822-78DD-402B-8463-F46100B842E5} = {7830D7F0-17A7-4542-948F-7F7779F0DE3A}
		{8DB758D4-4420-47C3-B22C-9B13217A3E2E} = {413082FA-9DC4-4F8D-BA81-637508C9A2AE}
		{13E2E1CA-CB8F-4544-BAA6-8B0BFD1A1D93} = {0C728A62-83D6-4349-8776-3E34730DC2D3}
	EndGlobalSection
	GlobalSection(ExtensibilityGlobals) = postSolution
		SolutionGuid = {4B1DB851-7223-42EA-A470-5D7D28628515}
	EndGlobalSection
EndGlobal
